{
    "name": "account-portal",
    "lockfileVersion": 3,
    "requires": true,
    "packages": {
        "": {
            "dependencies": {
                "datatables.net-buttons-dt": "^3.2.6",
                "datatables.net-columncontrol-dt": "^1.2.0",
                "datatables.net-dt": "^2.3.6",
                "datatables.net-responsive-dt": "^3.0.7",
                "jquery": "^3.7.1"
            },
            "devDependencies": {
                "@prettier/plugin-php": "^0.24.0",
                "prettier": "^3.6.2"
            }
        },
        "node_modules/@prettier/plugin-php": {
            "version": "0.24.0",
            "resolved": "https://registry.npmjs.org/@prettier/plugin-php/-/plugin-php-0.24.0.tgz",
            "integrity": "sha512-x9l65fCE/pgoET6RQowgdgG8Xmzs44z6j6Hhg3coINCyCw9JBGJ5ZzMR2XHAM2jmAdbJAIgqB6cUn4/3W3XLTA==",
            "dev": true,
            "license": "MIT",
            "dependencies": {
                "linguist-languages": "^8.0.0",
                "php-parser": "^3.2.5"
            },
            "peerDependencies": {
                "prettier": "^3.0.0"
            }
        },
        "node_modules/datatables.net": {
            "version": "2.3.6",
            "resolved": "https://registry.npmjs.org/datatables.net/-/datatables.net-2.3.6.tgz",
            "integrity": "sha512-xQ/dCxrjfxM0XY70wSIzakkTZ6ghERwlLmAPyCnu8Sk5cyt9YvOVyOsFNOa/BZ/lM63Q3i2YSSvp/o7GXZGsbg==",
            "license": "MIT",
            "dependencies": {
                "jquery": ">=1.7"
            }
        },
        "node_modules/datatables.net-buttons": {
            "version": "3.2.6",
            "resolved": "https://registry.npmjs.org/datatables.net-buttons/-/datatables.net-buttons-3.2.6.tgz",
            "integrity": "sha512-rLqkB3xLIAYwVLt+lUSxybo/1WqveTAxhQm6wj6yvXlJiWq+oJ8MKW6H1q90QrXbNp0fGngnfD0cmpMZnNnnNw==",
            "license": "MIT",
            "dependencies": {
                "datatables.net": "^2",
                "jquery": ">=1.7"
            }
        },
        "node_modules/datatables.net-buttons-dt": {
            "version": "3.2.6",
            "resolved": "https://registry.npmjs.org/datatables.net-buttons-dt/-/datatables.net-buttons-dt-3.2.6.tgz",
            "integrity": "sha512-hYsnMOXz+dcUlQnjj19gOUyEq64VzbhWouQfjZ2rhGf3YPdohQus9nSSDBgmmS6/lt4bhDaRZ3YKYPeIbKunOQ==",
            "license": "MIT",
            "dependencies": {
                "datatables.net-buttons": "3.2.6",
                "datatables.net-dt": "^2",
                "jquery": ">=1.7"
            }
        },
        "node_modules/datatables.net-columncontrol": {
            "version": "1.2.0",
            "resolved": "https://registry.npmjs.org/datatables.net-columncontrol/-/datatables.net-columncontrol-1.2.0.tgz",
            "integrity": "sha512-GBCof1hUpIwfZK3Nyo5hVd4WaRHSwGX55lCm8q8KEnTlKrmiI2AXoQk32tpdjbRTNRLAGfpygXbBwyCFljUKFA==",
            "license": "MIT",
            "dependencies": {
                "datatables.net": "^2.3.2"
            }
        },
        "node_modules/datatables.net-columncontrol-dt": {
            "version": "1.2.0",
            "resolved": "https://registry.npmjs.org/datatables.net-columncontrol-dt/-/datatables.net-columncontrol-dt-1.2.0.tgz",
            "integrity": "sha512-CM16kTY7b6jCllZ2ZghxkCLyeFGjZ5fNlRXwwTNry/VgLehz3N5yYMVzyblmJN6HDRkobEhOBs3zcROQEf+Szw==",
            "license": "MIT",
            "dependencies": {
                "datatables.net-columncontrol": "1.2.0",
                "datatables.net-dt": "^2.3.2"
            }
        },
        "node_modules/datatables.net-dt": {
            "version": "2.3.6",
            "resolved": "https://registry.npmjs.org/datatables.net-dt/-/datatables.net-dt-2.3.6.tgz",
            "integrity": "sha512-8OEUNCEfkeW+TuVUDlT1q6/XXOitgVzCdNqBivw8bK9DnaNk5F6JjT8lE2pQ4uAfoL/dTy2J+HKxTHeTh8HJlg==",
            "license": "MIT",
            "dependencies": {
                "datatables.net": "2.3.6",
                "jquery": ">=1.7"
            }
        },
        "node_modules/datatables.net-responsive": {
            "version": "3.0.7",
            "resolved": "https://registry.npmjs.org/datatables.net-responsive/-/datatables.net-responsive-3.0.7.tgz",
            "integrity": "sha512-MngWU41M1LDDMjKFJ3rAHc4Zb3QhOysDTh+TfKE1ycrh5dpnKa1vobw2MKMMbvbx4q05OXZY9jtLSPIkaJRsuw==",
            "license": "MIT",
            "dependencies": {
                "datatables.net": "^2",
                "jquery": ">=1.7"
            }
        },
        "node_modules/datatables.net-responsive-dt": {
            "version": "3.0.7",
            "resolved": "https://registry.npmjs.org/datatables.net-responsive-dt/-/datatables.net-responsive-dt-3.0.7.tgz",
            "integrity": "sha512-YTIVl4F6z+Rgk3v6z3oQWYc61Psu5dskIQTByUUEOK6Glqm7ybOq9vSfr+7xd7BjgUyduDC+9qRRpKPiQn6uXQ==",
            "license": "MIT",
            "dependencies": {
                "datatables.net-dt": "^2",
                "datatables.net-responsive": "3.0.7",
                "jquery": ">=1.7"
            }
        },
        "node_modules/jquery": {
            "version": "3.7.1",
            "resolved": "https://registry.npmjs.org/jquery/-/jquery-3.7.1.tgz",
            "integrity": "sha512-m4avr8yL8kmFN8psrbFFFmB/If14iN5o9nw/NgnnM+kybDJpRsAynV2BsfpTYrTRysYUdADVD7CkUUizgkpLfg==",
            "license": "MIT"
        },
        "node_modules/linguist-languages": {
            "version": "8.2.0",
            "resolved": "https://registry.npmjs.org/linguist-languages/-/linguist-languages-8.2.0.tgz",
            "integrity": "sha512-KCUUH9x97QWYU0SXOCGxUrZR6cSfuQrMhABB7L/0I8N0LXOeaKe7+RZs7FAwvWCV2qKfZ4Wv1luLq4OfMezSJg==",
            "dev": true,
            "license": "MIT"
        },
        "node_modules/php-parser": {
            "version": "3.2.5",
            "resolved": "https://registry.npmjs.org/php-parser/-/php-parser-3.2.5.tgz",
            "integrity": "sha512-M1ZYlALFFnESbSdmRtTQrBFUHSriHgPhgqtTF/LCbZM4h7swR5PHtUceB2Kzby5CfqcsYwBn7OXTJ0+8Sajwkw==",
            "dev": true,
            "license": "BSD-3-Clause"
        },
        "node_modules/prettier": {
            "version": "3.8.0",
            "resolved": "https://registry.npmjs.org/prettier/-/prettier-3.8.0.tgz",
            "integrity": "sha512-yEPsovQfpxYfgWNhCfECjG5AQaO+K3dp6XERmOepyPDVqcJm+bjyCVO3pmU+nAPe0N5dDvekfGezt/EIiRe1TA==",
            "dev": true,
            "license": "MIT",
            "bin": {
                "prettier": "bin/prettier.cjs"
            },
            "engines": {
                "node": ">=14"
            },
            "funding": {
                "url": "https://github.com/prettier/prettier?sponsor=1"
            }
        }
    }
}
